// !$*UTF8*$!
{
	archiveVersion = 1;
	classes = {
	};
	objectVersion = 46;
	objects = {

/* Begin PBXBuildFile section */
		557CBCA767F021EBA97F88D3 /* Pods_demo.framework in Frameworks */ = {isa = PBXBuildFile; fileRef = 1AA280BDD55A9E23FE760391 /* Pods_demo.framework */; };
		D93EC63B1D13C3160013C489 /* AppDelegate.swift in Sources */ = {isa = PBXBuildFile; fileRef = D93EC63A1D13C3160013C489 /* AppDelegate.swift */; };
		D93EC63D1D13C3160013C489 /* ViewController.swift in Sources */ = {isa = PBXBuildFile; fileRef = D93EC63C1D13C3160013C489 /* ViewController.swift */; };
		D93EC6401D13C3160013C489 /* Main.storyboard in Resources */ = {isa = PBXBuildFile; fileRef = D93EC63E1D13C3160013C489 /* Main.storyboard */; };
		D93EC6431D13C3160013C489 /* demo.xcdatamodeld in Sources */ = {isa = PBXBuildFile; fileRef = D93EC6411D13C3160013C489 /* demo.xcdatamodeld */; };
		D93EC6451D13C3160013C489 /* Assets.xcassets in Resources */ = {isa = PBXBuildFile; fileRef = D93EC6441D13C3160013C489 /* Assets.xcassets */; };
		D93EC6481D13C3160013C489 /* LaunchScreen.storyboard in Resources */ = {isa = PBXBuildFile; fileRef = D93EC6461D13C3160013C489 /* LaunchScreen.storyboard */; };
		D93EC6531D13C3160013C489 /* demoTests.swift in Sources */ = {isa = PBXBuildFile; fileRef = D93EC6521D13C3160013C489 /* demoTests.swift */; };
		D93EC65E1D13C3160013C489 /* demoUITests.swift in Sources */ = {isa = PBXBuildFile; fileRef = D93EC65D1D13C3160013C489 /* demoUITests.swift */; };
		D93EC66D1D13D40E0013C489 /* AppAdForce.plist in Resources */ = {isa = PBXBuildFile; fileRef = D93EC66C1D13D40E0013C489 /* AppAdForce.plist */; };
		D93EC68D1D13EFA60013C489 /* SystemConfiguration.framework in Frameworks */ = {isa = PBXBuildFile; fileRef = D93EC68C1D13EFA60013C489 /* SystemConfiguration.framework */; };
		D93EC68F1D13EFB30013C489 /* AdSupport.framework in Frameworks */ = {isa = PBXBuildFile; fileRef = D93EC68E1D13EFB30013C489 /* AdSupport.framework */; };
		D93EC6911D13EFC80013C489 /* Security.framework in Frameworks */ = {isa = PBXBuildFile; fileRef = D93EC6901D13EFC80013C489 /* Security.framework */; };
		EBD95D82AEE8C728E9787099 /* Pods_demoUITests.framework in Frameworks */ = {isa = PBXBuildFile; fileRef = 6DBB887C93ACE3FD2034035A /* Pods_demoUITests.framework */; };
		EF08DC895732539CFB29057D /* Pods_demoTests.framework in Frameworks */ = {isa = PBXBuildFile; fileRef = CA9F866496B9713DEAA5EB21 /* Pods_demoTests.framework */; };
/* End PBXBuildFile section */

/* Begin PBXContainerItemProxy section */
		D93EC64F1D13C3160013C489 /* PBXContainerItemProxy */ = {
			isa = PBXContainerItemProxy;
			containerPortal = D93EC62F1D13C3160013C489 /* Project object */;
			proxyType = 1;
			remoteGlobalIDString = D93EC6361D13C3160013C489;
			remoteInfo = demo;
		};
		D93EC65A1D13C3160013C489 /* PBXContainerItemProxy */ = {
			isa = PBXContainerItemProxy;
			containerPortal = D93EC62F1D13C3160013C489 /* Project object */;
			proxyType = 1;
			remoteGlobalIDString = D93EC6361D13C3160013C489;
			remoteInfo = demo;
		};
/* End PBXContainerItemProxy section */

/* Begin PBXFileReference section */
		1AA280BDD55A9E23FE760391 /* Pods_demo.framework */ = {isa = PBXFileReference; explicitFileType = wrapper.framework; includeInIndex = 0; path = Pods_demo.framework; sourceTree = BUILT_PRODUCTS_DIR; };
		34DEC532F124DE0DB2851BF9 /* Pods-demo.release.xcconfig */ = {isa = PBXFileReference; includeInIndex = 1; lastKnownFileType = text.xcconfig; name = "Pods-demo.release.xcconfig"; path = "Pods/Target Support Files/Pods-demo/Pods-demo.release.xcconfig"; sourceTree = "<group>"; };
		401A0772DD8F86B26A0DC077 /* Pods-demoTests.debug.xcconfig */ = {isa = PBXFileReference; includeInIndex = 1; lastKnownFileType = text.xcconfig; name = "Pods-demoTests.debug.xcconfig"; path = "Pods/Target Support Files/Pods-demoTests/Pods-demoTests.debug.xcconfig"; sourceTree = "<group>"; };
		41E4CBC759E7EC93061A4918 /* Pods-demo.debug.xcconfig */ = {isa = PBXFileReference; includeInIndex = 1; lastKnownFileType = text.xcconfig; name = "Pods-demo.debug.xcconfig"; path = "Pods/Target Support Files/Pods-demo/Pods-demo.debug.xcconfig"; sourceTree = "<group>"; };
		6DBB887C93ACE3FD2034035A /* Pods_demoUITests.framework */ = {isa = PBXFileReference; explicitFileType = wrapper.framework; includeInIndex = 0; path = Pods_demoUITests.framework; sourceTree = BUILT_PRODUCTS_DIR; };
		CA9F866496B9713DEAA5EB21 /* Pods_demoTests.framework */ = {isa = PBXFileReference; explicitFileType = wrapper.framework; includeInIndex = 0; path = Pods_demoTests.framework; sourceTree = BUILT_PRODUCTS_DIR; };
		CBB4692E44CB6DF9BC82BF10 /* Pods-demoUITests.debug.xcconfig */ = {isa = PBXFileReference; includeInIndex = 1; lastKnownFileType = text.xcconfig; name = "Pods-demoUITests.debug.xcconfig"; path = "Pods/Target Support Files/Pods-demoUITests/Pods-demoUITests.debug.xcconfig"; sourceTree = "<group>"; };
		D93EC6371D13C3160013C489 /* demo.app */ = {isa = PBXFileReference; explicitFileType = wrapper.application; includeInIndex = 0; path = demo.app; sourceTree = BUILT_PRODUCTS_DIR; };
		D93EC63A1D13C3160013C489 /* AppDelegate.swift */ = {isa = PBXFileReference; lastKnownFileType = sourcecode.swift; path = AppDelegate.swift; sourceTree = "<group>"; };
		D93EC63C1D13C3160013C489 /* ViewController.swift */ = {isa = PBXFileReference; lastKnownFileType = sourcecode.swift; path = ViewController.swift; sourceTree = "<group>"; };
		D93EC63F1D13C3160013C489 /* Base */ = {isa = PBXFileReference; lastKnownFileType = file.storyboard; name = Base; path = Base.lproj/Main.storyboard; sourceTree = "<group>"; };
		D93EC6421D13C3160013C489 /* demo.xcdatamodel */ = {isa = PBXFileReference; lastKnownFileType = wrapper.xcdatamodel; path = demo.xcdatamodel; sourceTree = "<group>"; };
		D93EC6441D13C3160013C489 /* Assets.xcassets */ = {isa = PBXFileReference; lastKnownFileType = folder.assetcatalog; path = Assets.xcassets; sourceTree = "<group>"; };
		D93EC6471D13C3160013C489 /* Base */ = {isa = PBXFileReference; lastKnownFileType = file.storyboard; name = Base; path = Base.lproj/LaunchScreen.storyboard; sourceTree = "<group>"; };
		D93EC6491D13C3160013C489 /* Info.plist */ = {isa = PBXFileReference; lastKnownFileType = text.plist.xml; path = Info.plist; sourceTree = "<group>"; };
		D93EC64E1D13C3160013C489 /* demoTests.xctest */ = {isa = PBXFileReference; explicitFileType = wrapper.cfbundle; includeInIndex = 0; path = demoTests.xctest; sourceTree = BUILT_PRODUCTS_DIR; };
		D93EC6521D13C3160013C489 /* demoTests.swift */ = {isa = PBXFileReference; lastKnownFileType = sourcecode.swift; path = demoTests.swift; sourceTree = "<group>"; };
		D93EC6541D13C3160013C489 /* Info.plist */ = {isa = PBXFileReference; lastKnownFileType = text.plist.xml; path = Info.plist; sourceTree = "<group>"; };
		D93EC6591D13C3160013C489 /* demoUITests.xctest */ = {isa = PBXFileReference; explicitFileType = wrapper.cfbundle; includeInIndex = 0; path = demoUITests.xctest; sourceTree = BUILT_PRODUCTS_DIR; };
		D93EC65D1D13C3160013C489 /* demoUITests.swift */ = {isa = PBXFileReference; lastKnownFileType = sourcecode.swift; path = demoUITests.swift; sourceTree = "<group>"; };
		D93EC65F1D13C3160013C489 /* Info.plist */ = {isa = PBXFileReference; lastKnownFileType = text.plist.xml; path = Info.plist; sourceTree = "<group>"; };
		D93EC66C1D13D40E0013C489 /* AppAdForce.plist */ = {isa = PBXFileReference; fileEncoding = 4; lastKnownFileType = text.plist.xml; path = AppAdForce.plist; sourceTree = "<group>"; };
		D93EC68C1D13EFA60013C489 /* SystemConfiguration.framework */ = {isa = PBXFileReference; lastKnownFileType = wrapper.framework; name = SystemConfiguration.framework; path = System/Library/Frameworks/SystemConfiguration.framework; sourceTree = SDKROOT; };
		D93EC68E1D13EFB30013C489 /* AdSupport.framework */ = {isa = PBXFileReference; lastKnownFileType = wrapper.framework; name = AdSupport.framework; path = System/Library/Frameworks/AdSupport.framework; sourceTree = SDKROOT; };
		D93EC6901D13EFC80013C489 /* Security.framework */ = {isa = PBXFileReference; lastKnownFileType = wrapper.framework; name = Security.framework; path = System/Library/Frameworks/Security.framework; sourceTree = SDKROOT; };
		D93EC6941D140ACF0013C489 /* Demo_Bridging_Header.h */ = {isa = PBXFileReference; fileEncoding = 4; lastKnownFileType = sourcecode.c.h; name = Demo_Bridging_Header.h; path = ../Demo_Bridging_Header.h; sourceTree = "<group>"; };
		DFB37F3D5793CD137AC17100 /* Pods-demoUITests.release.xcconfig */ = {isa = PBXFileReference; includeInIndex = 1; lastKnownFileType = text.xcconfig; name = "Pods-demoUITests.release.xcconfig"; path = "Pods/Target Support Files/Pods-demoUITests/Pods-demoUITests.release.xcconfig"; sourceTree = "<group>"; };
		E0E413F5D2F79A3C730A588B /* Pods-demoTests.release.xcconfig */ = {isa = PBXFileReference; includeInIndex = 1; lastKnownFileType = text.xcconfig; name = "Pods-demoTests.release.xcconfig"; path = "Pods/Target Support Files/Pods-demoTests/Pods-demoTests.release.xcconfig"; sourceTree = "<group>"; };
/* End PBXFileReference section */

/* Begin PBXFrameworksBuildPhase section */
		D93EC6341D13C3160013C489 /* Frameworks */ = {
			isa = PBXFrameworksBuildPhase;
			buildActionMask = 2147483647;
			files = (
				D93EC6911D13EFC80013C489 /* Security.framework in Frameworks */,
				D93EC68F1D13EFB30013C489 /* AdSupport.framework in Frameworks */,
				D93EC68D1D13EFA60013C489 /* SystemConfiguration.framework in Frameworks */,
				557CBCA767F021EBA97F88D3 /* Pods_demo.framework in Frameworks */,
			);
			runOnlyForDeploymentPostprocessing = 0;
		};
		D93EC64B1D13C3160013C489 /* Frameworks */ = {
			isa = PBXFrameworksBuildPhase;
			buildActionMask = 2147483647;
			files = (
				EF08DC895732539CFB29057D /* Pods_demoTests.framework in Frameworks */,
			);
			runOnlyForDeploymentPostprocessing = 0;
		};
		D93EC6561D13C3160013C489 /* Frameworks */ = {
			isa = PBXFrameworksBuildPhase;
			buildActionMask = 2147483647;
			files = (
				EBD95D82AEE8C728E9787099 /* Pods_demoUITests.framework in Frameworks */,
			);
			runOnlyForDeploymentPostprocessing = 0;
		};
/* End PBXFrameworksBuildPhase section */

/* Begin PBXGroup section */
		0D8ADCDB06267E151DB2EB70 /* Pods */ = {
			isa = PBXGroup;
			children = (
				41E4CBC759E7EC93061A4918 /* Pods-demo.debug.xcconfig */,
				34DEC532F124DE0DB2851BF9 /* Pods-demo.release.xcconfig */,
				401A0772DD8F86B26A0DC077 /* Pods-demoTests.debug.xcconfig */,
				E0E413F5D2F79A3C730A588B /* Pods-demoTests.release.xcconfig */,
				CBB4692E44CB6DF9BC82BF10 /* Pods-demoUITests.debug.xcconfig */,
				DFB37F3D5793CD137AC17100 /* Pods-demoUITests.release.xcconfig */,
			);
			name = Pods;
			sourceTree = "<group>";
		};
		21562B23A2C3F3C997392841 /* Frameworks */ = {
			isa = PBXGroup;
			children = (
				1AA280BDD55A9E23FE760391 /* Pods_demo.framework */,
				CA9F866496B9713DEAA5EB21 /* Pods_demoTests.framework */,
				6DBB887C93ACE3FD2034035A /* Pods_demoUITests.framework */,
			);
			name = Frameworks;
			sourceTree = "<group>";
		};
		D93EC62E1D13C3160013C489 = {
			isa = PBXGroup;
			children = (
				D93EC6901D13EFC80013C489 /* Security.framework */,
				D93EC68E1D13EFB30013C489 /* AdSupport.framework */,
				D93EC68C1D13EFA60013C489 /* SystemConfiguration.framework */,
				D93EC66C1D13D40E0013C489 /* AppAdForce.plist */,
				D93EC6391D13C3160013C489 /* demo */,
				D93EC6511D13C3160013C489 /* demoTests */,
				D93EC65C1D13C3160013C489 /* demoUITests */,
				D93EC6381D13C3160013C489 /* Products */,
				0D8ADCDB06267E151DB2EB70 /* Pods */,
				21562B23A2C3F3C997392841 /* Frameworks */,
			);
			sourceTree = "<group>";
		};
		D93EC6381D13C3160013C489 /* Products */ = {
			isa = PBXGroup;
			children = (
				D93EC6371D13C3160013C489 /* demo.app */,
				D93EC64E1D13C3160013C489 /* demoTests.xctest */,
				D93EC6591D13C3160013C489 /* demoUITests.xctest */,
			);
			name = Products;
			sourceTree = "<group>";
		};
		D93EC6391D13C3160013C489 /* demo */ = {
			isa = PBXGroup;
			children = (
				D93EC6941D140ACF0013C489 /* Demo_Bridging_Header.h */,
				D93EC63A1D13C3160013C489 /* AppDelegate.swift */,
				D93EC63C1D13C3160013C489 /* ViewController.swift */,
				D93EC63E1D13C3160013C489 /* Main.storyboard */,
				D93EC6441D13C3160013C489 /* Assets.xcassets */,
				D93EC6461D13C3160013C489 /* LaunchScreen.storyboard */,
				D93EC6491D13C3160013C489 /* Info.plist */,
				D93EC6411D13C3160013C489 /* demo.xcdatamodeld */,
			);
			path = demo;
			sourceTree = "<group>";
		};
		D93EC6511D13C3160013C489 /* demoTests */ = {
			isa = PBXGroup;
			children = (
				D93EC6521D13C3160013C489 /* demoTests.swift */,
				D93EC6541D13C3160013C489 /* Info.plist */,
			);
			path = demoTests;
			sourceTree = "<group>";
		};
		D93EC65C1D13C3160013C489 /* demoUITests */ = {
			isa = PBXGroup;
			children = (
				D93EC65D1D13C3160013C489 /* demoUITests.swift */,
				D93EC65F1D13C3160013C489 /* Info.plist */,
			);
			path = demoUITests;
			sourceTree = "<group>";
		};
/* End PBXGroup section */

/* Begin PBXNativeTarget section */
		D93EC6361D13C3160013C489 /* demo */ = {
			isa = PBXNativeTarget;
			buildConfigurationList = D93EC6621D13C3160013C489 /* Build configuration list for PBXNativeTarget "demo" */;
			buildPhases = (
				6670FE1247CF7CECD6F1EA95 /* 📦 Check Pods Manifest.lock */,
				D93EC6331D13C3160013C489 /* Sources */,
				D93EC6341D13C3160013C489 /* Frameworks */,
				D93EC6351D13C3160013C489 /* Resources */,
				FC44B7F4586F88DD8E107F9E /* 📦 Embed Pods Frameworks */,
				7F564FFED0F54050C53C3A4A /* 📦 Copy Pods Resources */,
			);
			buildRules = (
			);
			dependencies = (
			);
			name = demo;
			productName = demo;
			productReference = D93EC6371D13C3160013C489 /* demo.app */;
			productType = "com.apple.product-type.application";
		};
		D93EC64D1D13C3160013C489 /* demoTests */ = {
			isa = PBXNativeTarget;
			buildConfigurationList = D93EC6651D13C3160013C489 /* Build configuration list for PBXNativeTarget "demoTests" */;
			buildPhases = (
				623B6FA13CD6E7123ACBC66E /* 📦 Check Pods Manifest.lock */,
				D93EC64A1D13C3160013C489 /* Sources */,
				D93EC64B1D13C3160013C489 /* Frameworks */,
				D93EC64C1D13C3160013C489 /* Resources */,
				F60B09E6DF0795835BB8F44E /* 📦 Embed Pods Frameworks */,
				13D6B26C187EA8866A881089 /* 📦 Copy Pods Resources */,
			);
			buildRules = (
			);
			dependencies = (
				D93EC6501D13C3160013C489 /* PBXTargetDependency */,
			);
			name = demoTests;
			productName = demoTests;
			productReference = D93EC64E1D13C3160013C489 /* demoTests.xctest */;
			productType = "com.apple.product-type.bundle.unit-test";
		};
		D93EC6581D13C3160013C489 /* demoUITests */ = {
			isa = PBXNativeTarget;
			buildConfigurationList = D93EC6681D13C3160013C489 /* Build configuration list for PBXNativeTarget "demoUITests" */;
			buildPhases = (
				F2582C6D12B47F25C3049582 /* 📦 Check Pods Manifest.lock */,
				D93EC6551D13C3160013C489 /* Sources */,
				D93EC6561D13C3160013C489 /* Frameworks */,
				D93EC6571D13C3160013C489 /* Resources */,
				19058032C60185B710E0CCA2 /* 📦 Copy Pods Resources */,
			);
			buildRules = (
			);
			dependencies = (
				D93EC65B1D13C3160013C489 /* PBXTargetDependency */,
			);
			name = demoUITests;
			productName = demoUITests;
			productReference = D93EC6591D13C3160013C489 /* demoUITests.xctest */;
			productType = "com.apple.product-type.bundle.ui-testing";
		};
/* End PBXNativeTarget section */

/* Begin PBXProject section */
		D93EC62F1D13C3160013C489 /* Project object */ = {
			isa = PBXProject;
			attributes = {
				LastSwiftUpdateCheck = 0720;
				LastUpgradeCheck = 0720;
				ORGANIZATIONNAME = MMizogaki;
				TargetAttributes = {
					D93EC6361D13C3160013C489 = {
						CreatedOnToolsVersion = 7.2;
					};
					D93EC64D1D13C3160013C489 = {
						CreatedOnToolsVersion = 7.2;
						TestTargetID = D93EC6361D13C3160013C489;
					};
					D93EC6581D13C3160013C489 = {
						CreatedOnToolsVersion = 7.2;
						TestTargetID = D93EC6361D13C3160013C489;
					};
				};
			};
			buildConfigurationList = D93EC6321D13C3160013C489 /* Build configuration list for PBXProject "demo" */;
			compatibilityVersion = "Xcode 3.2";
			developmentRegion = English;
			hasScannedForEncodings = 0;
			knownRegions = (
				en,
				Base,
			);
			mainGroup = D93EC62E1D13C3160013C489;
			productRefGroup = D93EC6381D13C3160013C489 /* Products */;
			projectDirPath = "";
			projectRoot = "";
			targets = (
				D93EC6361D13C3160013C489 /* demo */,
				D93EC64D1D13C3160013C489 /* demoTests */,
				D93EC6581D13C3160013C489 /* demoUITests */,
			);
		};
/* End PBXProject section */

/* Begin PBXResourcesBuildPhase section */
		D93EC6351D13C3160013C489 /* Resources */ = {
			isa = PBXResourcesBuildPhase;
			buildActionMask = 2147483647;
			files = (
				D93EC6481D13C3160013C489 /* LaunchScreen.storyboard in Resources */,
				D93EC6451D13C3160013C489 /* Assets.xcassets in Resources */,
				D93EC6401D13C3160013C489 /* Main.storyboard in Resources */,
				D93EC66D1D13D40E0013C489 /* AppAdForce.plist in Resources */,
			);
			runOnlyForDeploymentPostprocessing = 0;
		};
		D93EC64C1D13C3160013C489 /* Resources */ = {
			isa = PBXResourcesBuildPhase;
			buildActionMask = 2147483647;
			files = (
			);
			runOnlyForDeploymentPostprocessing = 0;
		};
		D93EC6571D13C3160013C489 /* Resources */ = {
			isa = PBXResourcesBuildPhase;
			buildActionMask = 2147483647;
			files = (
			);
			runOnlyForDeploymentPostprocessing = 0;
		};
/* End PBXResourcesBuildPhase section */

/* Begin PBXShellScriptBuildPhase section */
		13D6B26C187EA8866A881089 /* 📦 Copy Pods Resources */ = {
			isa = PBXShellScriptBuildPhase;
			buildActionMask = 2147483647;
			files = (
			);
			inputPaths = (
			);
			name = "📦 Copy Pods Resources";
			outputPaths = (
			);
			runOnlyForDeploymentPostprocessing = 0;
			shellPath = /bin/sh;
			shellScript = "\"${SRCROOT}/Pods/Target Support Files/Pods-demoTests/Pods-demoTests-resources.sh\"\n";
			showEnvVarsInLog = 0;
		};
		19058032C60185B710E0CCA2 /* 📦 Copy Pods Resources */ = {
			isa = PBXShellScriptBuildPhase;
			buildActionMask = 2147483647;
			files = (
			);
			inputPaths = (
			);
			name = "📦 Copy Pods Resources";
			outputPaths = (
			);
			runOnlyForDeploymentPostprocessing = 0;
			shellPath = /bin/sh;
			shellScript = "\"${SRCROOT}/Pods/Target Support Files/Pods-demoUITests/Pods-demoUITests-resources.sh\"\n";
			showEnvVarsInLog = 0;
		};
		623B6FA13CD6E7123ACBC66E /* 📦 Check Pods Manifest.lock */ = {
			isa = PBXShellScriptBuildPhase;
			buildActionMask = 2147483647;
			files = (
			);
			inputPaths = (
			);
			name = "📦 Check Pods Manifest.lock";
			outputPaths = (
			);
			runOnlyForDeploymentPostprocessing = 0;
			shellPath = /bin/sh;
			shellScript = "diff \"${PODS_ROOT}/../Podfile.lock\" \"${PODS_ROOT}/Manifest.lock\" > /dev/null\nif [[ $? != 0 ]] ; then\n    cat << EOM\nerror: The sandbox is not in sync with the Podfile.lock. Run 'pod install' or update your CocoaPods installation.\nEOM\n    exit 1\nfi\n";
			showEnvVarsInLog = 0;
		};
		6670FE1247CF7CECD6F1EA95 /* 📦 Check Pods Manifest.lock */ = {
			isa = PBXShellScriptBuildPhase;
			buildActionMask = 2147483647;
			files = (
			);
			inputPaths = (
			);
			name = "📦 Check Pods Manifest.lock";
			outputPaths = (
			);
			runOnlyForDeploymentPostprocessing = 0;
			shellPath = /bin/sh;
			shellScript = "diff \"${PODS_ROOT}/../Podfile.lock\" \"${PODS_ROOT}/Manifest.lock\" > /dev/null\nif [[ $? != 0 ]] ; then\n    cat << EOM\nerror: The sandbox is not in sync with the Podfile.lock. Run 'pod install' or update your CocoaPods installation.\nEOM\n    exit 1\nfi\n";
			showEnvVarsInLog = 0;
		};
		7F564FFED0F54050C53C3A4A /* 📦 Copy Pods Resources */ = {
			isa = PBXShellScriptBuildPhase;
			buildActionMask = 2147483647;
			files = (
			);
			inputPaths = (
			);
			name = "📦 Copy Pods Resources";
			outputPaths = (
			);
			runOnlyForDeploymentPostprocessing = 0;
			shellPath = /bin/sh;
			shellScript = "\"${SRCROOT}/Pods/Target Support Files/Pods-demo/Pods-demo-resources.sh\"\n";
			showEnvVarsInLog = 0;
		};
		F2582C6D12B47F25C3049582 /* 📦 Check Pods Manifest.lock */ = {
			isa = PBXShellScriptBuildPhase;
			buildActionMask = 2147483647;
			files = (
			);
			inputPaths = (
			);
			name = "📦 Check Pods Manifest.lock";
			outputPaths = (
			);
			runOnlyForDeploymentPostprocessing = 0;
			shellPath = /bin/sh;
			shellScript = "diff \"${PODS_ROOT}/../Podfile.lock\" \"${PODS_ROOT}/Manifest.lock\" > /dev/null\nif [[ $? != 0 ]] ; then\n    cat << EOM\nerror: The sandbox is not in sync with the Podfile.lock. Run 'pod install' or update your CocoaPods installation.\nEOM\n    exit 1\nfi\n";
			showEnvVarsInLog = 0;
		};
		F60B09E6DF0795835BB8F44E /* 📦 Embed Pods Frameworks */ = {
			isa = PBXShellScriptBuildPhase;
			buildActionMask = 2147483647;
			files = (
			);
			inputPaths = (
			);
			name = "📦 Embed Pods Frameworks";
			outputPaths = (
			);
			runOnlyForDeploymentPostprocessing = 0;
			shellPath = /bin/sh;
			shellScript = "\"${SRCROOT}/Pods/Target Support Files/Pods-demoTests/Pods-demoTests-frameworks.sh\"\n";
			showEnvVarsInLog = 0;
		};
		FC44B7F4586F88DD8E107F9E /* 📦 Embed Pods Frameworks */ = {
			isa = PBXShellScriptBuildPhase;
			buildActionMask = 2147483647;
			files = (
			);
			inputPaths = (
			);
			name = "📦 Embed Pods Frameworks";
			outputPaths = (
			);
			runOnlyForDeploymentPostprocessing = 0;
			shellPath = /bin/sh;
			shellScript = "\"${SRCROOT}/Pods/Target Support Files/Pods-demo/Pods-demo-frameworks.sh\"\n";
			showEnvVarsInLog = 0;
		};
/* End PBXShellScriptBuildPhase section */

/* Begin PBXSourcesBuildPhase section */
		D93EC6331D13C3160013C489 /* Sources */ = {
			isa = PBXSourcesBuildPhase;
			buildActionMask = 2147483647;
			files = (
				D93EC6431D13C3160013C489 /* demo.xcdatamodeld in Sources */,
				D93EC63D1D13C3160013C489 /* ViewController.swift in Sources */,
				D93EC63B1D13C3160013C489 /* AppDelegate.swift in Sources */,
			);
			runOnlyForDeploymentPostprocessing = 0;
		};
		D93EC64A1D13C3160013C489 /* Sources */ = {
			isa = PBXSourcesBuildPhase;
			buildActionMask = 2147483647;
			files = (
				D93EC6531D13C3160013C489 /* demoTests.swift in Sources */,
			);
			runOnlyForDeploymentPostprocessing = 0;
		};
		D93EC6551D13C3160013C489 /* Sources */ = {
			isa = PBXSourcesBuildPhase;
			buildActionMask = 2147483647;
			files = (
				D93EC65E1D13C3160013C489 /* demoUITests.swift in Sources */,
			);
			runOnlyForDeploymentPostprocessing = 0;
		};
/* End PBXSourcesBuildPhase section */

/* Begin PBXTargetDependency section */
		D93EC6501D13C3160013C489 /* PBXTargetDependency */ = {
			isa = PBXTargetDependency;
			target = D93EC6361D13C3160013C489 /* demo */;
			targetProxy = D93EC64F1D13C3160013C489 /* PBXContainerItemProxy */;
		};
		D93EC65B1D13C3160013C489 /* PBXTargetDependency */ = {
			isa = PBXTargetDependency;
			target = D93EC6361D13C3160013C489 /* demo */;
			targetProxy = D93EC65A1D13C3160013C489 /* PBXContainerItemProxy */;
		};
/* End PBXTargetDependency section */

/* Begin PBXVariantGroup section */
		D93EC63E1D13C3160013C489 /* Main.storyboard */ = {
			isa = PBXVariantGroup;
			children = (
				D93EC63F1D13C3160013C489 /* Base */,
			);
			name = Main.storyboard;
			sourceTree = "<group>";
		};
		D93EC6461D13C3160013C489 /* LaunchScreen.storyboard */ = {
			isa = PBXVariantGroup;
			children = (
				D93EC6471D13C3160013C489 /* Base */,
			);
			name = LaunchScreen.storyboard;
			sourceTree = "<group>";
		};
/* End PBXVariantGroup section */

/* Begin XCBuildConfiguration section */
		D93EC6601D13C3160013C489 /* Debug */ = {
			isa = XCBuildConfiguration;
			buildSettings = {
				ALWAYS_SEARCH_USER_PATHS = NO;
				CLANG_CXX_LANGUAGE_STANDARD = "gnu++0x";
				CLANG_CXX_LIBRARY = "libc++";
				CLANG_ENABLE_MODULES = YES;
				CLANG_ENABLE_OBJC_ARC = YES;
				CLANG_WARN_BOOL_CONVERSION = YES;
				CLANG_WARN_CONSTANT_CONVERSION = YES;
				CLANG_WARN_DIRECT_OBJC_ISA_USAGE = YES_ERROR;
				CLANG_WARN_EMPTY_BODY = YES;
				CLANG_WARN_ENUM_CONVERSION = YES;
				CLANG_WARN_INT_CONVERSION = YES;
				CLANG_WARN_OBJC_ROOT_CLASS = YES_ERROR;
				CLANG_WARN_UNREACHABLE_CODE = YES;
				CLANG_WARN__DUPLICATE_METHOD_MATCH = YES;
				"CODE_SIGN_IDENTITY[sdk=iphoneos*]" = "iPhone Developer";
				COPY_PHASE_STRIP = NO;
				DEBUG_INFORMATION_FORMAT = dwarf;
				ENABLE_STRICT_OBJC_MSGSEND = YES;
				ENABLE_TESTABILITY = YES;
				GCC_C_LANGUAGE_STANDARD = gnu99;
				GCC_DYNAMIC_NO_PIC = NO;
				GCC_NO_COMMON_BLOCKS = YES;
				GCC_OPTIMIZATION_LEVEL = 0;
				GCC_PREPROCESSOR_DEFINITIONS = (
					"DEBUG=1",
					"$(inherited)",
				);
				GCC_WARN_64_TO_32_BIT_CONVERSION = YES;
				GCC_WARN_ABOUT_RETURN_TYPE = YES_ERROR;
				GCC_WARN_UNDECLARED_SELECTOR = YES;
				GCC_WARN_UNINITIALIZED_AUTOS = YES_AGGRESSIVE;
				GCC_WARN_UNUSED_FUNCTION = YES;
				GCC_WARN_UNUSED_VARIABLE = YES;
				IPHONEOS_DEPLOYMENT_TARGET = 9.2;
				MTL_ENABLE_DEBUG_INFO = YES;
				ONLY_ACTIVE_ARCH = YES;
				SDKROOT = iphoneos;
				SWIFT_OPTIMIZATION_LEVEL = "-Onone";
				TARGETED_DEVICE_FAMILY = "1,2";
			};
			name = Debug;
		};
		D93EC6611D13C3160013C489 /* Release */ = {
			isa = XCBuildConfiguration;
			buildSettings = {
				ALWAYS_SEARCH_USER_PATHS = NO;
				CLANG_CXX_LANGUAGE_STANDARD = "gnu++0x";
				CLANG_CXX_LIBRARY = "libc++";
				CLANG_ENABLE_MODULES = YES;
				CLANG_ENABLE_OBJC_ARC = YES;
				CLANG_WARN_BOOL_CONVERSION = YES;
				CLANG_WARN_CONSTANT_CONVERSION = YES;
				CLANG_WARN_DIRECT_OBJC_ISA_USAGE = YES_ERROR;
				CLANG_WARN_EMPTY_BODY = YES;
				CLANG_WARN_ENUM_CONVERSION = YES;
				CLANG_WARN_INT_CONVERSION = YES;
				CLANG_WARN_OBJC_ROOT_CLASS = YES_ERROR;
				CLANG_WARN_UNREACHABLE_CODE = YES;
				CLANG_WARN__DUPLICATE_METHOD_MATCH = YES;
				"CODE_SIGN_IDENTITY[sdk=iphoneos*]" = "iPhone Developer";
				COPY_PHASE_STRIP = NO;
				DEBUG_INFORMATION_FORMAT = "dwarf-with-dsym";
				ENABLE_NS_ASSERTIONS = NO;
				ENABLE_STRICT_OBJC_MSGSEND = YES;
				GCC_C_LANGUAGE_STANDARD = gnu99;
				GCC_NO_COMMON_BLOCKS = YES;
				GCC_WARN_64_TO_32_BIT_CONVERSION = YES;
				GCC_WARN_ABOUT_RETURN_TYPE = YES_ERROR;
				GCC_WARN_UNDECLARED_SELECTOR = YES;
				GCC_WARN_UNINITIALIZED_AUTOS = YES_AGGRESSIVE;
				GCC_WARN_UNUSED_FUNCTION = YES;
				GCC_WARN_UNUSED_VARIABLE = YES;
				IPHONEOS_DEPLOYMENT_TARGET = 9.2;
				MTL_ENABLE_DEBUG_INFO = NO;
				SDKROOT = iphoneos;
				TARGETED_DEVICE_FAMILY = "1,2";
				VALIDATE_PRODUCT = YES;
			};
			name = Release;
		};
		D93EC6631D13C3160013C489 /* Debug */ = {
			isa = XCBuildConfiguration;
			baseConfigurationReference = 41E4CBC759E7EC93061A4918 /* Pods-demo.debug.xcconfig */;
			buildSettings = {
				ASSETCATALOG_COMPILER_APPICON_NAME = AppIcon;
				INFOPLIST_FILE = demo/Info.plist;
				LD_RUNPATH_SEARCH_PATHS = "$(inherited) @executable_path/Frameworks";
				LIBRARY_SEARCH_PATHS = (
					"$(inherited)",
					"$(PROJECT_DIR)",
				);
				PRODUCT_BUNDLE_IDENTIFIER = com.github.demo;
				PRODUCT_NAME = "$(TARGET_NAME)";
				SWIFT_OBJC_BRIDGING_HEADER = /Users/b07785/Dahlia3.2.0Swift/Demo_Bridging_Header.h;
			};
			name = Debug;
		};
		D93EC6641D13C3160013C489 /* Release */ = {
			isa = XCBuildConfiguration;
			baseConfigurationReference = 34DEC532F124DE0DB2851BF9 /* Pods-demo.release.xcconfig */;
			buildSettings = {
				ASSETCATALOG_COMPILER_APPICON_NAME = AppIcon;
				INFOPLIST_FILE = demo/Info.plist;
				LD_RUNPATH_SEARCH_PATHS = "$(inherited) @executable_path/Frameworks";
				LIBRARY_SEARCH_PATHS = (
					"$(inherited)",
					"$(PROJECT_DIR)",
				);
				PRODUCT_BUNDLE_IDENTIFIER = com.github.demo;
				PRODUCT_NAME = "$(TARGET_NAME)";
				SWIFT_OBJC_BRIDGING_HEADER = /Users/b07785/Dahlia3.2.0Swift/Demo_Bridging_Header.h;
			};
			name = Release;
		};
		D93EC6661D13C3160013C489 /* Debug */ = {
			isa = XCBuildConfiguration;
			baseConfigurationReference = 401A0772DD8F86B26A0DC077 /* Pods-demoTests.debug.xcconfig */;
			buildSettings = {
				BUNDLE_LOADER = "$(TEST_HOST)";
				INFOPLIST_FILE = demoTests/Info.plist;
				LD_RUNPATH_SEARCH_PATHS = "$(inherited) @executable_path/Frameworks @loader_path/Frameworks";
				PRODUCT_BUNDLE_IDENTIFIER = com.github.demoTests;
				PRODUCT_NAME = "$(TARGET_NAME)";
				TEST_HOST = "$(BUILT_PRODUCTS_DIR)/demo.app/demo";
			};
			name = Debug;
		};
		D93EC6671D13C3160013C489 /* Release */ = {
			isa = XCBuildConfiguration;
			baseConfigurationReference = E0E413F5D2F79A3C730A588B /* Pods-demoTests.release.xcconfig */;
			buildSettings = {
				BUNDLE_LOADER = "$(TEST_HOST)";
				INFOPLIST_FILE = demoTests/Info.plist;
				LD_RUNPATH_SEARCH_PATHS = "$(inherited) @executable_path/Frameworks @loader_path/Frameworks";
				PRODUCT_BUNDLE_IDENTIFIER = com.github.demoTests;
				PRODUCT_NAME = "$(TARGET_NAME)";
				TEST_HOST = "$(BUILT_PRODUCTS_DIR)/demo.app/demo";
			};
			name = Release;
		};
		D93EC6691D13C3160013C489 /* Debug */ = {
			isa = XCBuildConfiguration;
			baseConfigurationReference = CBB4692E44CB6DF9BC82BF10 /* Pods-demoUITests.debug.xcconfig */;
			buildSettings = {
				INFOPLIST_FILE = demoUITests/Info.plist;
				LD_RUNPATH_SEARCH_PATHS = "$(inherited) @executable_path/Frameworks @loader_path/Frameworks";
				PRODUCT_BUNDLE_IDENTIFIER = com.github.demoUITests;
				PRODUCT_NAME = "$(TARGET_NAME)";
				TEST_TARGET_NAME = demo;
				USES_XCTRUNNER = YES;
			};
			name = Debug;
		};
		D93EC66A1D13C3160013C489 /* Release */ = {
			isa = XCBuildConfiguration;
			baseConfigurationReference = DFB37F3D5793CD137AC17100 /* Pods-demoUITests.release.xcconfig */;
			buildSettings = {
				INFOPLIST_FILE = demoUITests/Info.plist;
				LD_RUNPATH_SEARCH_PATHS = "$(inherited) @executable_path/Frameworks @loader_path/Frameworks";
				PRODUCT_BUNDLE_IDENTIFIER = com.github.demoUITests;
				PRODUCT_NAME = "$(TARGET_NAME)";
				TEST_TARGET_NAME = demo;
				USES_XCTRUNNER = YES;
			};
			name = Release;
		};
/* End XCBuildConfiguration section */

/* Begin XCConfigurationList section */
		D93EC6321D13C3160013C489 /* Build configuration list for PBXProject "demo" */ = {
			isa = XCConfigurationList;
			buildConfigurations = (
				D93EC6601D13C3160013C489 /* Debug */,
				D93EC6611D13C3160013C489 /* Release */,
			);
			defaultConfigurationIsVisible = 0;
			defaultConfigurationName = Release;
		};
		D93EC6621D13C3160013C489 /* Build configuration list for PBXNativeTarget "demo" */ = {
			isa = XCConfigurationList;
			buildConfigurations = (
				D93EC6631D13C3160013C489 /* Debug */,
				D93EC6641D13C3160013C489 /* Release */,
			);
			defaultConfigurationIsVisible = 0;
			defaultConfigurationName = Release;
		};
		D93EC6651D13C3160013C489 /* Build configuration list for PBXNativeTarget "demoTests" */ = {
			isa = XCConfigurationList;
			buildConfigurations = (
				D93EC6661D13C3160013C489 /* Debug */,
				D93EC6671D13C3160013C489 /* Release */,
			);
			defaultConfigurationIsVisible = 0;
			defaultConfigurationName = Release;
		};
		D93EC6681D13C3160013C489 /* Build configuration list for PBXNativeTarget "demoUITests" */ = {
			isa = XCConfigurationList;
			buildConfigurations = (
				D93EC6691D13C3160013C489 /* Debug */,
				D93EC66A1D13C3160013C489 /* Release */,
			);
			defaultConfigurationIsVisible = 0;
			defaultConfigurationName = Release;
		};
/* End XCConfigurationList section */

/* Begin XCVersionGroup section */
		D93EC6411D13C3160013C489 /* demo.xcdatamodeld */ = {
			isa = XCVersionGroup;
			children = (
				D93EC6421D13C3160013C489 /* demo.xcdatamodel */,
			);
			currentVersion = D93EC6421D13C3160013C489 /* demo.xcdatamodel */;
			path = demo.xcdatamodeld;
			sourceTree = "<group>";
			versionGroupType = wrapper.xcdatamodel;
		};
/* End XCVersionGroup section */
	};
	rootObject = D93EC62F1D13C3160013C489 /* Project object */;
}
